// !$*UTF8*$!
{
	archiveVersion = 1;
	classes = {
	};
	objectVersion = 56;
	objects = {

/* Begin PBXBuildFile section */
		197EBDCD2ACF8F9300CE4075 /* AppDelegate.swift in Sources */ = {isa = PBXBuildFile; fileRef = 197EBDCC2ACF8F9300CE4075 /* AppDelegate.swift */; };
		197EBDCF2ACF8F9300CE4075 /* SceneDelegate.swift in Sources */ = {isa = PBXBuildFile; fileRef = 197EBDCE2ACF8F9300CE4075 /* SceneDelegate.swift */; };
		197EBDD12ACF8F9300CE4075 /* ViewController.swift in Sources */ = {isa = PBXBuildFile; fileRef = 197EBDD02ACF8F9300CE4075 /* ViewController.swift */; };
		197EBDD42ACF8F9300CE4075 /* Main.storyboard in Resources */ = {isa = PBXBuildFile; fileRef = 197EBDD22ACF8F9300CE4075 /* Main.storyboard */; };
		197EBDD62ACF8F9400CE4075 /* Assets.xcassets in Resources */ = {isa = PBXBuildFile; fileRef = 197EBDD52ACF8F9400CE4075 /* Assets.xcassets */; };
		197EBDD92ACF8F9400CE4075 /* LaunchScreen.storyboard in Resources */ = {isa = PBXBuildFile; fileRef = 197EBDD72ACF8F9400CE4075 /* LaunchScreen.storyboard */; };
		198F1E962AD6069000DDB573 /* Themezer in Frameworks */ = {isa = PBXBuildFile; productRef = 198F1E952AD6069000DDB573 /* Themezer */; };
		1995B7032AD0D65B00CDC8F9 /* DetailsViewController.swift in Sources */ = {isa = PBXBuildFile; fileRef = 1995B7022AD0D65B00CDC8F9 /* DetailsViewController.swift */; };
		19DFD71F2AD6E57500C53834 /* GreenTheme.swift in Sources */ = {isa = PBXBuildFile; fileRef = 19DFD71E2AD6E57500C53834 /* GreenTheme.swift */; };
/* End PBXBuildFile section */

/* Begin PBXFileReference section */
		197EBDC92ACF8F9300CE4075 /* AppThemeExercise.app */ = {isa = PBXFileReference; explicitFileType = wrapper.application; includeInIndex = 0; path = AppThemeExercise.app; sourceTree = BUILT_PRODUCTS_DIR; };
		197EBDCC2ACF8F9300CE4075 /* AppDelegate.swift */ = {isa = PBXFileReference; lastKnownFileType = sourcecode.swift; path = AppDelegate.swift; sourceTree = "<group>"; };
		197EBDCE2ACF8F9300CE4075 /* SceneDelegate.swift */ = {isa = PBXFileReference; lastKnownFileType = sourcecode.swift; path = SceneDelegate.swift; sourceTree = "<group>"; };
		197EBDD02ACF8F9300CE4075 /* ViewController.swift */ = {isa = PBXFileReference; lastKnownFileType = sourcecode.swift; path = ViewController.swift; sourceTree = "<group>"; };
		197EBDD32ACF8F9300CE4075 /* Base */ = {isa = PBXFileReference; lastKnownFileType = file.storyboard; name = Base; path = Base.lproj/Main.storyboard; sourceTree = "<group>"; };
		197EBDD52ACF8F9400CE4075 /* Assets.xcassets */ = {isa = PBXFileReference; lastKnownFileType = folder.assetcatalog; path = Assets.xcassets; sourceTree = "<group>"; };
		197EBDD82ACF8F9400CE4075 /* Base */ = {isa = PBXFileReference; lastKnownFileType = file.storyboard; name = Base; path = Base.lproj/LaunchScreen.storyboard; sourceTree = "<group>"; };
		197EBDDA2ACF8F9400CE4075 /* Info.plist */ = {isa = PBXFileReference; lastKnownFileType = text.plist.xml; path = Info.plist; sourceTree = "<group>"; };
		1995B7022AD0D65B00CDC8F9 /* DetailsViewController.swift */ = {isa = PBXFileReference; lastKnownFileType = sourcecode.swift; path = DetailsViewController.swift; sourceTree = "<group>"; };
		19DFD71E2AD6E57500C53834 /* GreenTheme.swift */ = {isa = PBXFileReference; lastKnownFileType = sourcecode.swift; path = GreenTheme.swift; sourceTree = "<group>"; };
/* End PBXFileReference section */

/* Begin PBXFrameworksBuildPhase section */
		197EBDC62ACF8F9300CE4075 /* Frameworks */ = {
			isa = PBXFrameworksBuildPhase;
			buildActionMask = 2147483647;
			files = (
				198F1E962AD6069000DDB573 /* Themezer in Frameworks */,
			);
			runOnlyForDeploymentPostprocessing = 0;
		};
/* End PBXFrameworksBuildPhase section */

/* Begin PBXGroup section */
		197EBDC02ACF8F9300CE4075 = {
			isa = PBXGroup;
			children = (
				197EBDCB2ACF8F9300CE4075 /* AppThemeExercise */,
				197EBDCA2ACF8F9300CE4075 /* Products */,
			);
			sourceTree = "<group>";
		};
		197EBDCA2ACF8F9300CE4075 /* Products */ = {
			isa = PBXGroup;
			children = (
				197EBDC92ACF8F9300CE4075 /* AppThemeExercise.app */,
			);
			name = Products;
			sourceTree = "<group>";
		};
		197EBDCB2ACF8F9300CE4075 /* AppThemeExercise */ = {
			isa = PBXGroup;
			children = (
				19DFD71D2AD6E53100C53834 /* Theme */,
				1995B7012AD0D64400CDC8F9 /* ViewController */,
				197EBDCC2ACF8F9300CE4075 /* AppDelegate.swift */,
				197EBDCE2ACF8F9300CE4075 /* SceneDelegate.swift */,
				197EBDD22ACF8F9300CE4075 /* Main.storyboard */,
				197EBDD52ACF8F9400CE4075 /* Assets.xcassets */,
				197EBDD72ACF8F9400CE4075 /* LaunchScreen.storyboard */,
				197EBDDA2ACF8F9400CE4075 /* Info.plist */,
			);
			path = AppThemeExercise;
			sourceTree = "<group>";
		};
		1995B7012AD0D64400CDC8F9 /* ViewController */ = {
			isa = PBXGroup;
			children = (
				197EBDD02ACF8F9300CE4075 /* ViewController.swift */,
				1995B7022AD0D65B00CDC8F9 /* DetailsViewController.swift */,
			);
			path = ViewController;
			sourceTree = "<group>";
		};
		19DFD71D2AD6E53100C53834 /* Theme */ = {
			isa = PBXGroup;
			children = (
				19DFD71E2AD6E57500C53834 /* GreenTheme.swift */,
			);
			path = Theme;
			sourceTree = "<group>";
		};
/* End PBXGroup section */

/* Begin PBXNativeTarget section */
		197EBDC82ACF8F9300CE4075 /* AppThemeExercise */ = {
			isa = PBXNativeTarget;
			buildConfigurationList = 197EBDDD2ACF8F9400CE4075 /* Build configuration list for PBXNativeTarget "AppThemeExercise" */;
			buildPhases = (
				197EBDC52ACF8F9300CE4075 /* Sources */,
				197EBDC62ACF8F9300CE4075 /* Frameworks */,
				197EBDC72ACF8F9300CE4075 /* Resources */,
			);
			buildRules = (
			);
			dependencies = (
			);
			name = AppThemeExercise;
			packageProductDependencies = (
				198F1E952AD6069000DDB573 /* Themezer */,
			);
			productName = AppThemeExercise;
			productReference = 197EBDC92ACF8F9300CE4075 /* AppThemeExercise.app */;
			productType = "com.apple.product-type.application";
		};
/* End PBXNativeTarget section */

/* Begin PBXProject section */
		197EBDC12ACF8F9300CE4075 /* Project object */ = {
			isa = PBXProject;
			attributes = {
				BuildIndependentTargetsInParallel = 1;
				LastSwiftUpdateCheck = 1500;
				LastUpgradeCheck = 1500;
				TargetAttributes = {
					197EBDC82ACF8F9300CE4075 = {
						CreatedOnToolsVersion = 15.0;
					};
				};
			};
			buildConfigurationList = 197EBDC42ACF8F9300CE4075 /* Build configuration list for PBXProject "AppThemeExercise" */;
			compatibilityVersion = "Xcode 14.0";
			developmentRegion = en;
			hasScannedForEncodings = 0;
			knownRegions = (
				en,
				Base,
			);
			mainGroup = 197EBDC02ACF8F9300CE4075;
			packageReferences = (
				198F1E942AD6069000DDB573 /* XCRemoteSwiftPackageReference "ThemezerKit" */,
			);
			productRefGroup = 197EBDCA2ACF8F9300CE4075 /* Products */;
			projectDirPath = "";
			projectRoot = "";
			targets = (
				197EBDC82ACF8F9300CE4075 /* AppThemeExercise */,
			);
		};
/* End PBXProject section */

/* Begin PBXResourcesBuildPhase section */
		197EBDC72ACF8F9300CE4075 /* Resources */ = {
			isa = PBXResourcesBuildPhase;
			buildActionMask = 2147483647;
			files = (
				197EBDD92ACF8F9400CE4075 /* LaunchScreen.storyboard in Resources */,
				197EBDD62ACF8F9400CE4075 /* Assets.xcassets in Resources */,
				197EBDD42ACF8F9300CE4075 /* Main.storyboard in Resources */,
			);
			runOnlyForDeploymentPostprocessing = 0;
		};
/* End PBXResourcesBuildPhase section */

/* Begin PBXSourcesBuildPhase section */
		197EBDC52ACF8F9300CE4075 /* Sources */ = {
			isa = PBXSourcesBuildPhase;
			buildActionMask = 2147483647;
			files = (
				197EBDD12ACF8F9300CE4075 /* ViewController.swift in Sources */,
				197EBDCD2ACF8F9300CE4075 /* AppDelegate.swift in Sources */,
				197EBDCF2ACF8F9300CE4075 /* SceneDelegate.swift in Sources */,
				1995B7032AD0D65B00CDC8F9 /* DetailsViewController.swift in Sources */,
				19DFD71F2AD6E57500C53834 /* GreenTheme.swift in Sources */,
			);
			runOnlyForDeploymentPostprocessing = 0;
		};
/* End PBXSourcesBuildPhase section */

/* Begin PBXVariantGroup section */
		197EBDD22ACF8F9300CE4075 /* Main.storyboard */ = {
			isa = PBXVariantGroup;
			children = (
				197EBDD32ACF8F9300CE4075 /* Base */,
			);
			name = Main.storyboard;
			sourceTree = "<group>";
		};
		197EBDD72ACF8F9400CE4075 /* LaunchScreen.storyboard */ = {
			isa = PBXVariantGroup;
			children = (
				197EBDD82ACF8F9400CE4075 /* Base */,
			);
			name = LaunchScreen.storyboard;
			sourceTree = "<group>";
		};
/* End PBXVariantGroup section */

/* Begin XCBuildConfiguration section */
		197EBDDB2ACF8F9400CE4075 /* Debug */ = {
			isa = XCBuildConfiguration;
			buildSettings = {
				ALWAYS_SEARCH_USER_PATHS = NO;
				ASSETCATALOG_COMPILER_GENERATE_SWIFT_ASSET_SYMBOL_EXTENSIONS = YES;
				CLANG_ANALYZER_NONNULL = YES;
				CLANG_ANALYZER_NUMBER_OBJECT_CONVERSION = YES_AGGRESSIVE;
				CLANG_CXX_LANGUAGE_STANDARD = "gnu++20";
				CLANG_ENABLE_MODULES = YES;
				CLANG_ENABLE_OBJC_ARC = YES;
				CLANG_ENABLE_OBJC_WEAK = YES;
				CLANG_WARN_BLOCK_CAPTURE_AUTORELEASING = YES;
				CLANG_WARN_BOOL_CONVERSION = YES;
				CLANG_WARN_COMMA = YES;
				CLANG_WARN_CONSTANT_CONVERSION = YES;
				CLANG_WARN_DEPRECATED_OBJC_IMPLEMENTATIONS = YES;
				CLANG_WARN_DIRECT_OBJC_ISA_USAGE = YES_ERROR;
				CLANG_WARN_DOCUMENTATION_COMMENTS = YES;
				CLANG_WARN_EMPTY_BODY = YES;
				CLANG_WARN_ENUM_CONVERSION = YES;
				CLANG_WARN_INFINITE_RECURSION = YES;
				CLANG_WARN_INT_CONVERSION = YES;
				CLANG_WARN_NON_LITERAL_NULL_CONVERSION = YES;
				CLANG_WARN_OBJC_IMPLICIT_RETAIN_SELF = YES;
				CLANG_WARN_OBJC_LITERAL_CONVERSION = YES;
				CLANG_WARN_OBJC_ROOT_CLASS = YES_ERROR;
				CLANG_WARN_QUOTED_INCLUDE_IN_FRAMEWORK_HEADER = YES;
				CLANG_WARN_RANGE_LOOP_ANALYSIS = YES;
				CLANG_WARN_STRICT_PROTOTYPES = YES;
				CLANG_WARN_SUSPICIOUS_MOVE = YES;
				CLANG_WARN_UNGUARDED_AVAILABILITY = YES_AGGRESSIVE;
				CLANG_WARN_UNREACHABLE_CODE = YES;
				CLANG_WARN__DUPLICATE_METHOD_MATCH = YES;
				COPY_PHASE_STRIP = NO;
				DEBUG_INFORMATION_FORMAT = dwarf;
				ENABLE_STRICT_OBJC_MSGSEND = YES;
				ENABLE_TESTABILITY = YES;
				ENABLE_USER_SCRIPT_SANDBOXING = YES;
				GCC_C_LANGUAGE_STANDARD = gnu17;
				GCC_DYNAMIC_NO_PIC = NO;
				GCC_NO_COMMON_BLOCKS = YES;
				GCC_OPTIMIZATION_LEVEL = 0;
				GCC_PREPROCESSOR_DEFINITIONS = (
					"DEBUG=1",
					"$(inherited)",
				);
				GCC_WARN_64_TO_32_BIT_CONVERSION = YES;
				GCC_WARN_ABOUT_RETURN_TYPE = YES_ERROR;
				GCC_WARN_UNDECLARED_SELECTOR = YES;
				GCC_WARN_UNINITIALIZED_AUTOS = YES_AGGRESSIVE;
				GCC_WARN_UNUSED_FUNCTION = YES;
				GCC_WARN_UNUSED_VARIABLE = YES;
				IPHONEOS_DEPLOYMENT_TARGET = 17.0;
				LOCALIZATION_PREFERS_STRING_CATALOGS = YES;
				MTL_ENABLE_DEBUG_INFO = INCLUDE_SOURCE;
				MTL_FAST_MATH = YES;
				ONLY_ACTIVE_ARCH = YES;
				SDKROOT = iphoneos;
				SWIFT_ACTIVE_COMPILATION_CONDITIONS = "DEBUG $(inherited)";
				SWIFT_OPTIMIZATION_LEVEL = "-Onone";
			};
			name = Debug;
		};
		197EBDDC2ACF8F9400CE4075 /* Release */ = {
			isa = XCBuildConfiguration;
			buildSettings = {
				ALWAYS_SEARCH_USER_PATHS = NO;
				ASSETCATALOG_COMPILER_GENERATE_SWIFT_ASSET_SYMBOL_EXTENSIONS = YES;
				CLANG_ANALYZER_NONNULL = YES;
				CLANG_ANALYZER_NUMBER_OBJECT_CONVERSION = YES_AGGRESSIVE;
				CLANG_CXX_LANGUAGE_STANDARD = "gnu++20";
				CLANG_ENABLE_MODULES = YES;
				CLANG_ENABLE_OBJC_ARC = YES;
				CLANG_ENABLE_OBJC_WEAK = YES;
				CLANG_WARN_BLOCK_CAPTURE_AUTORELEASING = YES;
				CLANG_WARN_BOOL_CONVERSION = YES;
				CLANG_WARN_COMMA = YES;
				CLANG_WARN_CONSTANT_CONVERSION = YES;
				CLANG_WARN_DEPRECATED_OBJC_IMPLEMENTATIONS = YES;
				CLANG_WARN_DIRECT_OBJC_ISA_USAGE = YES_ERROR;
				CLANG_WARN_DOCUMENTATION_COMMENTS = YES;
				CLANG_WARN_EMPTY_BODY = YES;
				CLANG_WARN_ENUM_CONVERSION = YES;
				CLANG_WARN_INFINITE_RECURSION = YES;
				CLANG_WARN_INT_CONVERSION = YES;
				CLANG_WARN_NON_LITERAL_NULL_CONVERSION = YES;
				CLANG_WARN_OBJC_IMPLICIT_RETAIN_SELF = YES;
				CLANG_WARN_OBJC_LITERAL_CONVERSION = YES;
				CLANG_WARN_OBJC_ROOT_CLASS = YES_ERROR;
				CLANG_WARN_QUOTED_INCLUDE_IN_FRAMEWORK_HEADER = YES;
				CLANG_WARN_RANGE_LOOP_ANALYSIS = YES;
				CLANG_WARN_STRICT_PROTOTYPES = YES;
				CLANG_WARN_SUSPICIOUS_MOVE = YES;
				CLANG_WARN_UNGUARDED_AVAILABILITY = YES_AGGRESSIVE;
				CLANG_WARN_UNREACHABLE_CODE = YES;
				CLANG_WARN__DUPLICATE_METHOD_MATCH = YES;
				COPY_PHASE_STRIP = NO;
				DEBUG_INFORMATION_FORMAT = "dwarf-with-dsym";
				ENABLE_NS_ASSERTIONS = NO;
				ENABLE_STRICT_OBJC_MSGSEND = YES;
				ENABLE_USER_SCRIPT_SANDBOXING = YES;
				GCC_C_LANGUAGE_STANDARD = gnu17;
				GCC_NO_COMMON_BLOCKS = YES;
				GCC_WARN_64_TO_32_BIT_CONVERSION = YES;
				GCC_WARN_ABOUT_RETURN_TYPE = YES_ERROR;
				GCC_WARN_UNDECLARED_SELECTOR = YES;
				GCC_WARN_UNINITIALIZED_AUTOS = YES_AGGRESSIVE;
				GCC_WARN_UNUSED_FUNCTION = YES;
				GCC_WARN_UNUSED_VARIABLE = YES;
				IPHONEOS_DEPLOYMENT_TARGET = 17.0;
				LOCALIZATION_PREFERS_STRING_CATALOGS = YES;
				MTL_ENABLE_DEBUG_INFO = NO;
				MTL_FAST_MATH = YES;
				SDKROOT = iphoneos;
				SWIFT_COMPILATION_MODE = wholemodule;
				VALIDATE_PRODUCT = YES;
			};
			name = Release;
		};
		197EBDDE2ACF8F9400CE4075 /* Debug */ = {
			isa = XCBuildConfiguration;
			buildSettings = {
				ASSETCATALOG_COMPILER_APPICON_NAME = AppIcon;
				ASSETCATALOG_COMPILER_GLOBAL_ACCENT_COLOR_NAME = AccentColor;
				CODE_SIGN_STYLE = Automatic;
				CURRENT_PROJECT_VERSION = 1;
				DEVELOPMENT_TEAM = QP95QW89NA;
				GENERATE_INFOPLIST_FILE = YES;
				INFOPLIST_FILE = AppThemeExercise/Info.plist;
				INFOPLIST_KEY_UIApplicationSupportsIndirectInputEvents = YES;
				INFOPLIST_KEY_UILaunchStoryboardName = LaunchScreen;
				INFOPLIST_KEY_UIMainStoryboardFile = Main;
				INFOPLIST_KEY_UISupportedInterfaceOrientations_iPad = "UIInterfaceOrientationPortrait UIInterfaceOrientationPortraitUpsideDown UIInterfaceOrientationLandscapeLeft UIInterfaceOrientationLandscapeRight";
				INFOPLIST_KEY_UISupportedInterfaceOrientations_iPhone = "UIInterfaceOrientationPortrait UIInterfaceOrientationLandscapeLeft UIInterfaceOrientationLandscapeRight";
				LD_RUNPATH_SEARCH_PATHS = (
					"$(inherited)",
					"@executable_path/Frameworks",
				);
				MARKETING_VERSION = 1.0;
				PRODUCT_BUNDLE_IDENTIFIER = SwipeDemo.com.AppThemeExercise;
				PRODUCT_NAME = "$(TARGET_NAME)";
				SWIFT_EMIT_LOC_STRINGS = YES;
				SWIFT_VERSION = 5.0;
				TARGETED_DEVICE_FAMILY = "1,2";
			};
			name = Debug;
		};
		197EBDDF2ACF8F9400CE4075 /* Release */ = {
			isa = XCBuildConfiguration;
			buildSettings = {
				ASSETCATALOG_COMPILER_APPICON_NAME = AppIcon;
				ASSETCATALOG_COMPILER_GLOBAL_ACCENT_COLOR_NAME = AccentColor;
				CODE_SIGN_STYLE = Automatic;
				CURRENT_PROJECT_VERSION = 1;
				DEVELOPMENT_TEAM = QP95QW89NA;
				GENERATE_INFOPLIST_FILE = YES;
				INFOPLIST_FILE = AppThemeExercise/Info.plist;
				INFOPLIST_KEY_UIApplicationSupportsIndirectInputEvents = YES;
				INFOPLIST_KEY_UILaunchStoryboardName = LaunchScreen;
				INFOPLIST_KEY_UIMainStoryboardFile = Main;
				INFOPLIST_KEY_UISupportedInterfaceOrientations_iPad = "UIInterfaceOrientationPortrait UIInterfaceOrientationPortraitUpsideDown UIInterfaceOrientationLandscapeLeft UIInterfaceOrientationLandscapeRight";
				INFOPLIST_KEY_UISupportedInterfaceOrientations_iPhone = "UIInterfaceOrientationPortrait UIInterfaceOrientationLandscapeLeft UIInterfaceOrientationLandscapeRight";
				LD_RUNPATH_SEARCH_PATHS = (
					"$(inherited)",
					"@executable_path/Frameworks",
				);
				MARKETING_VERSION = 1.0;
				PRODUCT_BUNDLE_IDENTIFIER = SwipeDemo.com.AppThemeExercise;
				PRODUCT_NAME = "$(TARGET_NAME)";
				SWIFT_EMIT_LOC_STRINGS = YES;
				SWIFT_VERSION = 5.0;
				TARGETED_DEVICE_FAMILY = "1,2";
			};
			name = Release;
		};
/* End XCBuildConfiguration section */

/* Begin XCConfigurationList section */
		197EBDC42ACF8F9300CE4075 /* Build configuration list for PBXProject "AppThemeExercise" */ = {
			isa = XCConfigurationList;
			buildConfigurations = (
				197EBDDB2ACF8F9400CE4075 /* Debug */,
				197EBDDC2ACF8F9400CE4075 /* Release */,
			);
			defaultConfigurationIsVisible = 0;
			defaultConfigurationName = Release;
		};
		197EBDDD2ACF8F9400CE4075 /* Build configuration list for PBXNativeTarget "AppThemeExercise" */ = {
			isa = XCConfigurationList;
			buildConfigurations = (
				197EBDDE2ACF8F9400CE4075 /* Debug */,
				197EBDDF2ACF8F9400CE4075 /* Release */,
			);
			defaultConfigurationIsVisible = 0;
			defaultConfigurationName = Release;
		};
/* End XCConfigurationList section */

/* Begin XCRemoteSwiftPackageReference section */
		198F1E942AD6069000DDB573 /* XCRemoteSwiftPackageReference "ThemezerKit" */ = {
			isa = XCRemoteSwiftPackageReference;
			repositoryURL = "https://github.com/Joule87/ThemezerKit";
			requirement = {
				branch = main;
				kind = branch;
			};
		};
/* End XCRemoteSwiftPackageReference section */

/* Begin XCSwiftPackageProductDependency section */
		198F1E952AD6069000DDB573 /* Themezer */ = {
			isa = XCSwiftPackageProductDependency;
			package = 198F1E942AD6069000DDB573 /* XCRemoteSwiftPackageReference "ThemezerKit" */;
			productName = Themezer;
		};
/* End XCSwiftPackageProductDependency section */
	};
	rootObject = 197EBDC12ACF8F9300CE4075 /* Project object */;
}
