{
  "pins" : [
    {
      "identity" : "themezerkit",
      "kind" : "remoteSourceControl",
      "location" : "https://github.com/Joule87/ThemezerKit",
      "state" : {
        "revision" : "607458dbf1867564009c4cf79bee6507817f120d",
        "version" : "0.0.3"
      }
    }
  ],
  "version" : 2
}
